// !$*UTF8*$!
{
	archiveVersion = 1;
	classes = {
	};
	objectVersion = 56;
	objects = {

/* Begin PBXBuildFile section */
		0407E3AE29CD515500971BF2 /* Player.swift in Sources */ = {isa = PBXBuildFile; fileRef = 0407E3AD29CD515500971BF2 /* Player.swift */; };
		0407E3B029CD516800971BF2 /* Monster.swift in Sources */ = {isa = PBXBuildFile; fileRef = 0407E3AF29CD516800971BF2 /* Monster.swift */; };
		0407E3B429CD518100971BF2 /* Potion.swift in Sources */ = {isa = PBXBuildFile; fileRef = 0407E3B329CD518100971BF2 /* Potion.swift */; };
		0407E3B629CD518C00971BF2 /* Elixir.swift in Sources */ = {isa = PBXBuildFile; fileRef = 0407E3B529CD518C00971BF2 /* Elixir.swift */; };
		0407E3BA29CD51A800971BF2 /* Physical_Attack.swift in Sources */ = {isa = PBXBuildFile; fileRef = 0407E3B929CD51A800971BF2 /* Physical_Attack.swift */; };
		0407E3BC29CD51B400971BF2 /* Meteor.swift in Sources */ = {isa = PBXBuildFile; fileRef = 0407E3BB29CD51B400971BF2 /* Meteor.swift */; };
		0407E3BE29CD51BD00971BF2 /* Shield.swift in Sources */ = {isa = PBXBuildFile; fileRef = 0407E3BD29CD51BD00971BF2 /* Shield.swift */; };
		0407E3C029DBD77500971BF2 /* Golem.swift in Sources */ = {isa = PBXBuildFile; fileRef = 0407E3BF29DBD77500971BF2 /* Golem.swift */; };
		0407E3C229DBD78700971BF2 /* Troll.swift in Sources */ = {isa = PBXBuildFile; fileRef = 0407E3C129DBD78700971BF2 /* Troll.swift */; };
		04373AC629AFC1F4009013F4 /* main.swift in Sources */ = {isa = PBXBuildFile; fileRef = 04373AC529AFC1F4009013F4 /* main.swift */; };
		045BEB0D2A00B94B002C5DAE /* Skill.swift in Sources */ = {isa = PBXBuildFile; fileRef = 045BEB0C2A00B94B002C5DAE /* Skill.swift */; };
		045BEB0F2A00B96B002C5DAE /* Items.swift in Sources */ = {isa = PBXBuildFile; fileRef = 045BEB0E2A00B96B002C5DAE /* Items.swift */; };
/* End PBXBuildFile section */

/* Begin PBXCopyFilesBuildPhase section */
		04373AC029AFC1F4009013F4 /* CopyFiles */ = {
			isa = PBXCopyFilesBuildPhase;
			buildActionMask = 2147483647;
			dstPath = /usr/share/man/man1/;
			dstSubfolderSpec = 0;
			files = (
			);
			runOnlyForDeploymentPostprocessing = 1;
		};
/* End PBXCopyFilesBuildPhase section */

/* Begin PBXFileReference section */
		0407E3AD29CD515500971BF2 /* Player.swift */ = {isa = PBXFileReference; lastKnownFileType = sourcecode.swift; path = Player.swift; sourceTree = "<group>"; };
		0407E3AF29CD516800971BF2 /* Monster.swift */ = {isa = PBXFileReference; lastKnownFileType = sourcecode.swift; path = Monster.swift; sourceTree = "<group>"; };
		0407E3B329CD518100971BF2 /* Potion.swift */ = {isa = PBXFileReference; lastKnownFileType = sourcecode.swift; path = Potion.swift; sourceTree = "<group>"; };
		0407E3B529CD518C00971BF2 /* Elixir.swift */ = {isa = PBXFileReference; lastKnownFileType = sourcecode.swift; path = Elixir.swift; sourceTree = "<group>"; };
		0407E3B929CD51A800971BF2 /* Physical_Attack.swift */ = {isa = PBXFileReference; lastKnownFileType = sourcecode.swift; path = Physical_Attack.swift; sourceTree = "<group>"; };
		0407E3BB29CD51B400971BF2 /* Meteor.swift */ = {isa = PBXFileReference; lastKnownFileType = sourcecode.swift; path = Meteor.swift; sourceTree = "<group>"; };
		0407E3BD29CD51BD00971BF2 /* Shield.swift */ = {isa = PBXFileReference; lastKnownFileType = sourcecode.swift; path = Shield.swift; sourceTree = "<group>"; };
		0407E3BF29DBD77500971BF2 /* Golem.swift */ = {isa = PBXFileReference; lastKnownFileType = sourcecode.swift; path = Golem.swift; sourceTree = "<group>"; };
		0407E3C129DBD78700971BF2 /* Troll.swift */ = {isa = PBXFileReference; lastKnownFileType = sourcecode.swift; path = Troll.swift; sourceTree = "<group>"; };
		04373AC229AFC1F4009013F4 /* 0706012110054-Fadhil-AFL1 */ = {isa = PBXFileReference; explicitFileType = "compiled.mach-o.executable"; includeInIndex = 0; path = "0706012110054-Fadhil-AFL1"; sourceTree = BUILT_PRODUCTS_DIR; };
		04373AC529AFC1F4009013F4 /* main.swift */ = {isa = PBXFileReference; lastKnownFileType = sourcecode.swift; path = main.swift; sourceTree = "<group>"; };
		045BEB0C2A00B94B002C5DAE /* Skill.swift */ = {isa = PBXFileReference; lastKnownFileType = sourcecode.swift; path = Skill.swift; sourceTree = "<group>"; };
		045BEB0E2A00B96B002C5DAE /* Items.swift */ = {isa = PBXFileReference; lastKnownFileType = sourcecode.swift; path = Items.swift; sourceTree = "<group>"; };
/* End PBXFileReference section */

/* Begin PBXFrameworksBuildPhase section */
		04373ABF29AFC1F4009013F4 /* Frameworks */ = {
			isa = PBXFrameworksBuildPhase;
			buildActionMask = 2147483647;
			files = (
			);
			runOnlyForDeploymentPostprocessing = 0;
		};
/* End PBXFrameworksBuildPhase section */

/* Begin PBXGroup section */
		04373AB929AFC1F4009013F4 = {
			isa = PBXGroup;
			children = (
				04373AC429AFC1F4009013F4 /* 0706012110054-Fadhil-AFL1 */,
				04373AC329AFC1F4009013F4 /* Products */,
			);
			sourceTree = "<group>";
		};
		04373AC329AFC1F4009013F4 /* Products */ = {
			isa = PBXGroup;
			children = (
				04373AC229AFC1F4009013F4 /* 0706012110054-Fadhil-AFL1 */,
			);
			name = Products;
			sourceTree = "<group>";
		};
		04373AC429AFC1F4009013F4 /* 0706012110054-Fadhil-AFL1 */ = {
			isa = PBXGroup;
			children = (
				04373AC529AFC1F4009013F4 /* main.swift */,
				0407E3AD29CD515500971BF2 /* Player.swift */,
				0407E3AF29CD516800971BF2 /* Monster.swift */,
				0407E3B329CD518100971BF2 /* Potion.swift */,
				0407E3B529CD518C00971BF2 /* Elixir.swift */,
				0407E3B929CD51A800971BF2 /* Physical_Attack.swift */,
				0407E3BB29CD51B400971BF2 /* Meteor.swift */,
				0407E3BD29CD51BD00971BF2 /* Shield.swift */,
				0407E3BF29DBD77500971BF2 /* Golem.swift */,
				0407E3C129DBD78700971BF2 /* Troll.swift */,
				045BEB0C2A00B94B002C5DAE /* Skill.swift */,
				045BEB0E2A00B96B002C5DAE /* Items.swift */,
			);
			path = "0706012110054-Fadhil-AFL1";
			sourceTree = "<group>";
		};
/* End PBXGroup section */

/* Begin PBXNativeTarget section */
		04373AC129AFC1F4009013F4 /* 0706012110054-Fadhil-AFL1 */ = {
			isa = PBXNativeTarget;
			buildConfigurationList = 04373AC929AFC1F4009013F4 /* Build configuration list for PBXNativeTarget "0706012110054-Fadhil-AFL1" */;
			buildPhases = (
				04373ABE29AFC1F4009013F4 /* Sources */,
				04373ABF29AFC1F4009013F4 /* Frameworks */,
				04373AC029AFC1F4009013F4 /* CopyFiles */,
			);
			buildRules = (
			);
			dependencies = (
			);
			name = "0706012110054-Fadhil-AFL1";
			productName = "0706012110054-Fadhil-AFL1";
			productReference = 04373AC229AFC1F4009013F4 /* 0706012110054-Fadhil-AFL1 */;
			productType = "com.apple.product-type.tool";
		};
/* End PBXNativeTarget section */

/* Begin PBXProject section */
		04373ABA29AFC1F4009013F4 /* Project object */ = {
			isa = PBXProject;
			attributes = {
				BuildIndependentTargetsInParallel = 1;
				LastSwiftUpdateCheck = 1420;
				LastUpgradeCheck = 1420;
				TargetAttributes = {
					04373AC129AFC1F4009013F4 = {
						CreatedOnToolsVersion = 14.2;
					};
				};
			};
			buildConfigurationList = 04373ABD29AFC1F4009013F4 /* Build configuration list for PBXProject "0706012110054-Fadhil-AFL1" */;
			compatibilityVersion = "Xcode 14.0";
			developmentRegion = en;
			hasScannedForEncodings = 0;
			knownRegions = (
				en,
				Base,
			);
			mainGroup = 04373AB929AFC1F4009013F4;
			productRefGroup = 04373AC329AFC1F4009013F4 /* Products */;
			projectDirPath = "";
			projectRoot = "";
			targets = (
				04373AC129AFC1F4009013F4 /* 0706012110054-Fadhil-AFL1 */,
			);
		};
/* End PBXProject section */

/* Begin PBXSourcesBuildPhase section */
		04373ABE29AFC1F4009013F4 /* Sources */ = {
			isa = PBXSourcesBuildPhase;
			buildActionMask = 2147483647;
			files = (
				0407E3B429CD518100971BF2 /* Potion.swift in Sources */,
				0407E3B029CD516800971BF2 /* Monster.swift in Sources */,
				0407E3BC29CD51B400971BF2 /* Meteor.swift in Sources */,
				0407E3C029DBD77500971BF2 /* Golem.swift in Sources */,
				045BEB0F2A00B96B002C5DAE /* Items.swift in Sources */,
				0407E3BE29CD51BD00971BF2 /* Shield.swift in Sources */,
				0407E3B629CD518C00971BF2 /* Elixir.swift in Sources */,
				0407E3AE29CD515500971BF2 /* Player.swift in Sources */,
				0407E3BA29CD51A800971BF2 /* Physical_Attack.swift in Sources */,
				045BEB0D2A00B94B002C5DAE /* Skill.swift in Sources */,
				04373AC629AFC1F4009013F4 /* main.swift in Sources */,
				0407E3C229DBD78700971BF2 /* Troll.swift in Sources */,
			);
			runOnlyForDeploymentPostprocessing = 0;
		};
/* End PBXSourcesBuildPhase section */

/* Begin XCBuildConfiguration section */
		04373AC729AFC1F4009013F4 /* Debug */ = {
			isa = XCBuildConfiguration;
			buildSettings = {
				ALWAYS_SEARCH_USER_PATHS = NO;
				CLANG_ANALYZER_NONNULL = YES;
				CLANG_ANALYZER_NUMBER_OBJECT_CONVERSION = YES_AGGRESSIVE;
				CLANG_CXX_LANGUAGE_STANDARD = "gnu++20";
				CLANG_ENABLE_MODULES = YES;
				CLANG_ENABLE_OBJC_ARC = YES;
				CLANG_ENABLE_OBJC_WEAK = YES;
				CLANG_WARN_BLOCK_CAPTURE_AUTORELEASING = YES;
				CLANG_WARN_BOOL_CONVERSION = YES;
				CLANG_WARN_COMMA = YES;
				CLANG_WARN_CONSTANT_CONVERSION = YES;
				CLANG_WARN_DEPRECATED_OBJC_IMPLEMENTATIONS = YES;
				CLANG_WARN_DIRECT_OBJC_ISA_USAGE = YES_ERROR;
				CLANG_WARN_DOCUMENTATION_COMMENTS = YES;
				CLANG_WARN_EMPTY_BODY = YES;
				CLANG_WARN_ENUM_CONVERSION = YES;
				CLANG_WARN_INFINITE_RECURSION = YES;
				CLANG_WARN_INT_CONVERSION = YES;
				CLANG_WARN_NON_LITERAL_NULL_CONVERSION = YES;
				CLANG_WARN_OBJC_IMPLICIT_RETAIN_SELF = YES;
				CLANG_WARN_OBJC_LITERAL_CONVERSION = YES;
				CLANG_WARN_OBJC_ROOT_CLASS = YES_ERROR;
				CLANG_WARN_QUOTED_INCLUDE_IN_FRAMEWORK_HEADER = YES;
				CLANG_WARN_RANGE_LOOP_ANALYSIS = YES;
				CLANG_WARN_STRICT_PROTOTYPES = YES;
				CLANG_WARN_SUSPICIOUS_MOVE = YES;
				CLANG_WARN_UNGUARDED_AVAILABILITY = YES_AGGRESSIVE;
				CLANG_WARN_UNREACHABLE_CODE = YES;
				CLANG_WARN__DUPLICATE_METHOD_MATCH = YES;
				COPY_PHASE_STRIP = NO;
				DEBUG_INFORMATION_FORMAT = dwarf;
				ENABLE_STRICT_OBJC_MSGSEND = YES;
				ENABLE_TESTABILITY = YES;
				GCC_C_LANGUAGE_STANDARD = gnu11;
				GCC_DYNAMIC_NO_PIC = NO;
				GCC_NO_COMMON_BLOCKS = YES;
				GCC_OPTIMIZATION_LEVEL = 0;
				GCC_PREPROCESSOR_DEFINITIONS = (
					"DEBUG=1",
					"$(inherited)",
				);
				GCC_WARN_64_TO_32_BIT_CONVERSION = YES;
				GCC_WARN_ABOUT_RETURN_TYPE = YES_ERROR;
				GCC_WARN_UNDECLARED_SELECTOR = YES;
				GCC_WARN_UNINITIALIZED_AUTOS = YES_AGGRESSIVE;
				GCC_WARN_UNUSED_FUNCTION = YES;
				GCC_WARN_UNUSED_VARIABLE = YES;
				MACOSX_DEPLOYMENT_TARGET = 13.1;
				MTL_ENABLE_DEBUG_INFO = INCLUDE_SOURCE;
				MTL_FAST_MATH = YES;
				ONLY_ACTIVE_ARCH = YES;
				SDKROOT = macosx;
				SWIFT_ACTIVE_COMPILATION_CONDITIONS = DEBUG;
				SWIFT_OPTIMIZATION_LEVEL = "-Onone";
			};
			name = Debug;
		};
		04373AC829AFC1F4009013F4 /* Release */ = {
			isa = XCBuildConfiguration;
			buildSettings = {
				ALWAYS_SEARCH_USER_PATHS = NO;
				CLANG_ANALYZER_NONNULL = YES;
				CLANG_ANALYZER_NUMBER_OBJECT_CONVERSION = YES_AGGRESSIVE;
				CLANG_CXX_LANGUAGE_STANDARD = "gnu++20";
				CLANG_ENABLE_MODULES = YES;
				CLANG_ENABLE_OBJC_ARC = YES;
				CLANG_ENABLE_OBJC_WEAK = YES;
				CLANG_WARN_BLOCK_CAPTURE_AUTORELEASING = YES;
				CLANG_WARN_BOOL_CONVERSION = YES;
				CLANG_WARN_COMMA = YES;
				CLANG_WARN_CONSTANT_CONVERSION = YES;
				CLANG_WARN_DEPRECATED_OBJC_IMPLEMENTATIONS = YES;
				CLANG_WARN_DIRECT_OBJC_ISA_USAGE = YES_ERROR;
				CLANG_WARN_DOCUMENTATION_COMMENTS = YES;
				CLANG_WARN_EMPTY_BODY = YES;
				CLANG_WARN_ENUM_CONVERSION = YES;
				CLANG_WARN_INFINITE_RECURSION = YES;
				CLANG_WARN_INT_CONVERSION = YES;
				CLANG_WARN_NON_LITERAL_NULL_CONVERSION = YES;
				CLANG_WARN_OBJC_IMPLICIT_RETAIN_SELF = YES;
				CLANG_WARN_OBJC_LITERAL_CONVERSION = YES;
				CLANG_WARN_OBJC_ROOT_CLASS = YES_ERROR;
				CLANG_WARN_QUOTED_INCLUDE_IN_FRAMEWORK_HEADER = YES;
				CLANG_WARN_RANGE_LOOP_ANALYSIS = YES;
				CLANG_WARN_STRICT_PROTOTYPES = YES;
				CLANG_WARN_SUSPICIOUS_MOVE = YES;
				CLANG_WARN_UNGUARDED_AVAILABILITY = YES_AGGRESSIVE;
				CLANG_WARN_UNREACHABLE_CODE = YES;
				CLANG_WARN__DUPLICATE_METHOD_MATCH = YES;
				COPY_PHASE_STRIP = NO;
				DEBUG_INFORMATION_FORMAT = "dwarf-with-dsym";
				ENABLE_NS_ASSERTIONS = NO;
				ENABLE_STRICT_OBJC_MSGSEND = YES;
				GCC_C_LANGUAGE_STANDARD = gnu11;
				GCC_NO_COMMON_BLOCKS = YES;
				GCC_WARN_64_TO_32_BIT_CONVERSION = YES;
				GCC_WARN_ABOUT_RETURN_TYPE = YES_ERROR;
				GCC_WARN_UNDECLARED_SELECTOR = YES;
				GCC_WARN_UNINITIALIZED_AUTOS = YES_AGGRESSIVE;
				GCC_WARN_UNUSED_FUNCTION = YES;
				GCC_WARN_UNUSED_VARIABLE = YES;
				MACOSX_DEPLOYMENT_TARGET = 13.1;
				MTL_ENABLE_DEBUG_INFO = NO;
				MTL_FAST_MATH = YES;
				SDKROOT = macosx;
				SWIFT_COMPILATION_MODE = wholemodule;
				SWIFT_OPTIMIZATION_LEVEL = "-O";
			};
			name = Release;
		};
		04373ACA29AFC1F4009013F4 /* Debug */ = {
			isa = XCBuildConfiguration;
			buildSettings = {
				CODE_SIGN_STYLE = Automatic;
				DEVELOPMENT_TEAM = P2G5WJ8C54;
				ENABLE_HARDENED_RUNTIME = YES;
				PRODUCT_NAME = "$(TARGET_NAME)";
				SWIFT_VERSION = 5.0;
			};
			name = Debug;
		};
		04373ACB29AFC1F4009013F4 /* Release */ = {
			isa = XCBuildConfiguration;
			buildSettings = {
				CODE_SIGN_STYLE = Automatic;
				DEVELOPMENT_TEAM = P2G5WJ8C54;
				ENABLE_HARDENED_RUNTIME = YES;
				PRODUCT_NAME = "$(TARGET_NAME)";
				SWIFT_VERSION = 5.0;
			};
			name = Release;
		};
/* End XCBuildConfiguration section */

/* Begin XCConfigurationList section */
		04373ABD29AFC1F4009013F4 /* Build configuration list for PBXProject "0706012110054-Fadhil-AFL1" */ = {
			isa = XCConfigurationList;
			buildConfigurations = (
				04373AC729AFC1F4009013F4 /* Debug */,
				04373AC829AFC1F4009013F4 /* Release */,
			);
			defaultConfigurationIsVisible = 0;
			defaultConfigurationName = Release;
		};
		04373AC929AFC1F4009013F4 /* Build configuration list for PBXNativeTarget "0706012110054-Fadhil-AFL1" */ = {
			isa = XCConfigurationList;
			buildConfigurations = (
				04373ACA29AFC1F4009013F4 /* Debug */,
				04373ACB29AFC1F4009013F4 /* Release */,
			);
			defaultConfigurationIsVisible = 0;
			defaultConfigurationName = Release;
		};
/* End XCConfigurationList section */
	};
	rootObject = 04373ABA29AFC1F4009013F4 /* Project object */;
}
